
Microsoft Visual Studio Solution File, Format Version 12.00
# Visual Studio Version 16
VisualStudioVersion = 16.0.28803.202
MinimumVisualStudioVersion = 10.0.40219.1
Project("{FAE04EC0-301F-11D3-BF4B-00C04F79EFBC}") = "ilkprojem", "ilkprojem\ilkprojem.csproj", "{E15CFE43-DDF9-44D4-82A0-2C83EC0C8F4D}"
EndProject
Global
	GlobalSection(SolutionConfigurationPlatforms) = preSolution
		Debug|Any CPU = Debug|Any CPU
		Release|Any CPU = Release|Any CPU
	EndGlobalSection
	GlobalSection(ProjectConfigurationPlatforms) = postSolution
		{E15CFE43-DDF9-44D4-82A0-2C83EC0C8F4D}.Debug|Any CPU.ActiveCfg = Debug|Any CPU
		{E15CFE43-DDF9-44D4-82A0-2C83EC0C8F4D}.Debug|Any CPU.Build.0 = Debug|Any CPU
		{E15CFE43-DDF9-44D4-82A0-2C83EC0C8F4D}.Release|Any CPU.ActiveCfg = Release|Any CPU
		{E15CFE43-DDF9-44D4-82A0-2C83EC0C8F4D}.Release|Any CPU.Build.0 = Release|Any CPU
	EndGlobalSection
	GlobalSection(SolutionProperties) = preSolution
		HideSolutionNode = FALSE
	EndGlobalSection
	GlobalSection(ExtensibilityGlobals) = postSolution
		SolutionGuid = {0E526BA4-5296-40FA-9387-2582DD058CBC}
	EndGlobalSection
EndGlobal
